
Microsoft Visual Studio Solution File, Format Version 12.00
# Visual Studio Version 17
VisualStudioVersion = 17.6.33801.468
MinimumVisualStudioVersion = 10.0.40219.1
Project("{FAE04EC0-301F-11D3-BF4B-00C04F79EFBC}") = "MyMvcCrud1", "MyMvcCrud1\MyMvcCrud1.csproj", "{C20F9694-1793-47ED-82D2-AF578B34DEAA}"
EndProject
Global
	GlobalSection(SolutionConfigurationPlatforms) = preSolution
		Debug|Any CPU = Debug|Any CPU
		Release|Any CPU = Release|Any CPU
	EndGlobalSection
	GlobalSection(ProjectConfigurationPlatforms) = postSolution
		{C20F9694-1793-47ED-82D2-AF578B34DEAA}.Debug|Any CPU.ActiveCfg = Debug|Any CPU
		{C20F9694-1793-47ED-82D2-AF578B34DEAA}.Debug|Any CPU.Build.0 = Debug|Any CPU
		{C20F9694-1793-47ED-82D2-AF578B34DEAA}.Release|Any CPU.ActiveCfg = Release|Any CPU
		{C20F9694-1793-47ED-82D2-AF578B34DEAA}.Release|Any CPU.Build.0 = Release|Any CPU
	EndGlobalSection
	GlobalSection(SolutionProperties) = preSolution
		HideSolutionNode = FALSE
	EndGlobalSection
	GlobalSection(ExtensibilityGlobals) = postSolution
		SolutionGuid = {944C74D9-75D4-4DE6-B49A-21D1663F196D}
	EndGlobalSection
EndGlobal
